
Microsoft Visual Studio Solution File, Format Version 12.00
# Visual Studio 15
VisualStudioVersion = 15.0.27703.2018
MinimumVisualStudioVersion = 10.0.40219.1
Project("{FAE04EC0-301F-11D3-BF4B-00C04F79EFBC}") = "App18.Android", "App18\App18.Android\App18.Android.csproj", "{C3DDAAFD-A812-4FEB-A300-1C5B0D891AEA}"
EndProject
Project("{FAE04EC0-301F-11D3-BF4B-00C04F79EFBC}") = "App18.iOS", "App18\App18.iOS\App18.iOS.csproj", "{00466734-133C-4999-8546-A61A839D84AC}"
EndProject
Project("{FAE04EC0-301F-11D3-BF4B-00C04F79EFBC}") = "App18.UWP", "App18\App18.UWP\App18.UWP.csproj", "{1628EBB0-8896-4DCC-B6B0-01E5F6BAAE1E}"
EndProject
Project("{D954291E-2A0B-460D-934E-DC6B0785DB48}") = "App18", "App18\App18\App18.shproj", "{93D7E3EB-4A41-49EA-9549-333136E0A5FA}"
EndProject
Global
	GlobalSection(SharedMSBuildProjectFiles) = preSolution
		App18\App18\App18.projitems*{00466734-133c-4999-8546-a61a839d84ac}*SharedItemsImports = 4
		App18\App18\App18.projitems*{1628ebb0-8896-4dcc-b6b0-01e5f6baae1e}*SharedItemsImports = 4
		App18\App18\App18.projitems*{93d7e3eb-4a41-49ea-9549-333136e0a5fa}*SharedItemsImports = 13
		App18\App18\App18.projitems*{c3ddaafd-a812-4feb-a300-1c5b0d891aea}*SharedItemsImports = 4
	EndGlobalSection
	GlobalSection(SolutionConfigurationPlatforms) = preSolution
		Ad-Hoc|Any CPU = Ad-Hoc|Any CPU
		Ad-Hoc|ARM = Ad-Hoc|ARM
		Ad-Hoc|iPhone = Ad-Hoc|iPhone
		Ad-Hoc|iPhoneSimulator = Ad-Hoc|iPhoneSimulator
		Ad-Hoc|x64 = Ad-Hoc|x64
		Ad-Hoc|x86 = Ad-Hoc|x86
		AppStore|Any CPU = AppStore|Any CPU
		AppStore|ARM = AppStore|ARM
		AppStore|iPhone = AppStore|iPhone
		AppStore|iPhoneSimulator = AppStore|iPhoneSimulator
		AppStore|x64 = AppStore|x64
		AppStore|x86 = AppStore|x86
		Debug|Any CPU = Debug|Any CPU
		Debug|ARM = Debug|ARM
		Debug|iPhone = Debug|iPhone
		Debug|iPhoneSimulator = Debug|iPhoneSimulator
		Debug|x64 = Debug|x64
		Debug|x86 = Debug|x86
		Release|Any CPU = Release|Any CPU
		Release|ARM = Release|ARM
		Release|iPhone = Release|iPhone
		Release|iPhoneSimulator = Release|iPhoneSimulator
		Release|x64 = Release|x64
		Release|x86 = Release|x86
	EndGlobalSection
	GlobalSection(ProjectConfigurationPlatforms) = postSolution
		{C3DDAAFD-A812-4FEB-A300-1C5B0D891AEA}.Ad-Hoc|Any CPU.ActiveCfg = Release|Any CPU
		{C3DDAAFD-A812-4FEB-A300-1C5B0D891AEA}.Ad-Hoc|Any CPU.Build.0 = Release|Any CPU
		{C3DDAAFD-A812-4FEB-A300-1C5B0D891AEA}.Ad-Hoc|Any CPU.Deploy.0 = Release|Any CPU
		{C3DDAAFD-A812-4FEB-A300-1C5B0D891AEA}.Ad-Hoc|ARM.ActiveCfg = Release|Any CPU
		{C3DDAAFD-A812-4FEB-A300-1C5B0D891AEA}.Ad-Hoc|ARM.Build.0 = Release|Any CPU
		{C3DDAAFD-A812-4FEB-A300-1C5B0D891AEA}.Ad-Hoc|ARM.Deploy.0 = Release|Any CPU
		{C3DDAAFD-A812-4FEB-A300-1C5B0D891AEA}.Ad-Hoc|iPhone.ActiveCfg = Release|Any CPU
		{C3DDAAFD-A812-4FEB-A300-1C5B0D891AEA}.Ad-Hoc|iPhone.Build.0 = Release|Any CPU
		{C3DDAAFD-A812-4FEB-A300-1C5B0D891AEA}.Ad-Hoc|iPhone.Deploy.0 = Release|Any CPU
		{C3DDAAFD-A812-4FEB-A300-1C5B0D891AEA}.Ad-Hoc|iPhoneSimulator.ActiveCfg = Release|Any CPU
		{C3DDAAFD-A812-4FEB-A300-1C5B0D891AEA}.Ad-Hoc|iPhoneSimulator.Build.0 = Release|Any CPU
		{C3DDAAFD-A812-4FEB-A300-1C5B0D891AEA}.Ad-Hoc|iPhoneSimulator.Deploy.0 = Release|Any CPU
		{C3DDAAFD-A812-4FEB-A300-1C5B0D891AEA}.Ad-Hoc|x64.ActiveCfg = Release|Any CPU
		{C3DDAAFD-A812-4FEB-A300-1C5B0D891AEA}.Ad-Hoc|x64.Build.0 = Release|Any CPU
		{C3DDAAFD-A812-4FEB-A300-1C5B0D891AEA}.Ad-Hoc|x64.Deploy.0 = Release|Any CPU
		{C3DDAAFD-A812-4FEB-A300-1C5B0D891AEA}.Ad-Hoc|x86.ActiveCfg = Release|Any CPU
		{C3DDAAFD-A812-4FEB-A300-1C5B0D891AEA}.Ad-Hoc|x86.Build.0 = Release|Any CPU
		{C3DDAAFD-A812-4FEB-A300-1C5B0D891AEA}.Ad-Hoc|x86.Deploy.0 = Release|Any CPU
		{C3DDAAFD-A812-4FEB-A300-1C5B0D891AEA}.AppStore|Any CPU.ActiveCfg = Release|Any CPU
		{C3DDAAFD-A812-4FEB-A300-1C5B0D891AEA}.AppStore|Any CPU.Build.0 = Release|Any CPU
		{C3DDAAFD-A812-4FEB-A300-1C5B0D891AEA}.AppStore|Any CPU.Deploy.0 = Release|Any CPU
		{C3DDAAFD-A812-4FEB-A300-1C5B0D891AEA}.AppStore|ARM.ActiveCfg = Release|Any CPU
		{C3DDAAFD-A812-4FEB-A300-1C5B0D891AEA}.AppStore|ARM.Build.0 = Release|Any CPU
		{C3DDAAFD-A812-4FEB-A300-1C5B0D891AEA}.AppStore|ARM.Deploy.0 = Release|Any CPU
		{C3DDAAFD-A812-4FEB-A300-1C5B0D891AEA}.AppStore|iPhone.ActiveCfg = Release|Any CPU
		{C3DDAAFD-A812-4FEB-A300-1C5B0D891AEA}.AppStore|iPhone.Build.0 = Release|Any CPU
		{C3DDAAFD-A812-4FEB-A300-1C5B0D891AEA}.AppStore|iPhone.Deploy.0 = Release|Any CPU
		{C3DDAAFD-A812-4FEB-A300-1C5B0D891AEA}.AppStore|iPhoneSimulator.ActiveCfg = Release|Any CPU
		{C3DDAAFD-A812-4FEB-A300-1C5B0D891AEA}.AppStore|iPhoneSimulator.Build.0 = Release|Any CPU
		{C3DDAAFD-A812-4FEB-A300-1C5B0D891AEA}.AppStore|iPhoneSimulator.Deploy.0 = Release|Any CPU
		{C3DDAAFD-A812-4FEB-A300-1C5B0D891AEA}.AppStore|x64.ActiveCfg = Release|Any CPU
		{C3DDAAFD-A812-4FEB-A300-1C5B0D891AEA}.AppStore|x64.Build.0 = Release|Any CPU
		{C3DDAAFD-A812-4FEB-A300-1C5B0D891AEA}.AppStore|x64.Deploy.0 = Release|Any CPU
		{C3DDAAFD-A812-4FEB-A300-1C5B0D891AEA}.AppStore|x86.ActiveCfg = Release|Any CPU
		{C3DDAAFD-A812-4FEB-A300-1C5B0D891AEA}.AppStore|x86.Build.0 = Release|Any CPU
		{C3DDAAFD-A812-4FEB-A300-1C5B0D891AEA}.AppStore|x86.Deploy.0 = Release|Any CPU
		{C3DDAAFD-A812-4FEB-A300-1C5B0D891AEA}.Debug|Any CPU.ActiveCfg = Debug|Any CPU
		{C3DDAAFD-A812-4FEB-A300-1C5B0D891AEA}.Debug|Any CPU.Build.0 = Debug|Any CPU
		{C3DDAAFD-A812-4FEB-A300-1C5B0D891AEA}.Debug|Any CPU.Deploy.0 = Debug|Any CPU
		{C3DDAAFD-A812-4FEB-A300-1C5B0D891AEA}.Debug|ARM.ActiveCfg = Debug|Any CPU
		{C3DDAAFD-A812-4FEB-A300-1C5B0D891AEA}.Debug|ARM.Build.0 = Debug|Any CPU
		{C3DDAAFD-A812-4FEB-A300-1C5B0D891AEA}.Debug|ARM.Deploy.0 = Debug|Any CPU
		{C3DDAAFD-A812-4FEB-A300-1C5B0D891AEA}.Debug|iPhone.ActiveCfg = Debug|Any CPU
		{C3DDAAFD-A812-4FEB-A300-1C5B0D891AEA}.Debug|iPhone.Build.0 = Debug|Any CPU
		{C3DDAAFD-A812-4FEB-A300-1C5B0D891AEA}.Debug|iPhone.Deploy.0 = Debug|Any CPU
		{C3DDAAFD-A812-4FEB-A300-1C5B0D891AEA}.Debug|iPhoneSimulator.ActiveCfg = Debug|Any CPU
		{C3DDAAFD-A812-4FEB-A300-1C5B0D891AEA}.Debug|iPhoneSimulator.Build.0 = Debug|Any CPU
		{C3DDAAFD-A812-4FEB-A300-1C5B0D891AEA}.Debug|iPhoneSimulator.Deploy.0 = Debug|Any CPU
		{C3DDAAFD-A812-4FEB-A300-1C5B0D891AEA}.Debug|x64.ActiveCfg = Debug|Any CPU
		{C3DDAAFD-A812-4FEB-A300-1C5B0D891AEA}.Debug|x64.Build.0 = Debug|Any CPU
		{C3DDAAFD-A812-4FEB-A300-1C5B0D891AEA}.Debug|x64.Deploy.0 = Debug|Any CPU
		{C3DDAAFD-A812-4FEB-A300-1C5B0D891AEA}.Debug|x86.ActiveCfg = Debug|Any CPU
		{C3DDAAFD-A812-4FEB-A300-1C5B0D891AEA}.Debug|x86.Build.0 = Debug|Any CPU
		{C3DDAAFD-A812-4FEB-A300-1C5B0D891AEA}.Debug|x86.Deploy.0 = Debug|Any CPU
		{C3DDAAFD-A812-4FEB-A300-1C5B0D891AEA}.Release|Any CPU.ActiveCfg = Release|Any CPU
		{C3DDAAFD-A812-4FEB-A300-1C5B0D891AEA}.Release|Any CPU.Build.0 = Release|Any CPU
		{C3DDAAFD-A812-4FEB-A300-1C5B0D891AEA}.Release|Any CPU.Deploy.0 = Release|Any CPU
		{C3DDAAFD-A812-4FEB-A300-1C5B0D891AEA}.Release|ARM.ActiveCfg = Release|Any CPU
		{C3DDAAFD-A812-4FEB-A300-1C5B0D891AEA}.Release|ARM.Build.0 = Release|Any CPU
		{C3DDAAFD-A812-4FEB-A300-1C5B0D891AEA}.Release|ARM.Deploy.0 = Release|Any CPU
		{C3DDAAFD-A812-4FEB-A300-1C5B0D891AEA}.Release|iPhone.ActiveCfg = Release|Any CPU
		{C3DDAAFD-A812-4FEB-A300-1C5B0D891AEA}.Release|iPhone.Build.0 = Release|Any CPU
		{C3DDAAFD-A812-4FEB-A300-1C5B0D891AEA}.Release|iPhone.Deploy.0 = Release|Any CPU
		{C3DDAAFD-A812-4FEB-A300-1C5B0D891AEA}.Release|iPhoneSimulator.ActiveCfg = Release|Any CPU
		{C3DDAAFD-A812-4FEB-A300-1C5B0D891AEA}.Release|iPhoneSimulator.Build.0 = Release|Any CPU
		{C3DDAAFD-A812-4FEB-A300-1C5B0D891AEA}.Release|iPhoneSimulator.Deploy.0 = Release|Any CPU
		{C3DDAAFD-A812-4FEB-A300-1C5B0D891AEA}.Release|x64.ActiveCfg = Release|Any CPU
		{C3DDAAFD-A812-4FEB-A300-1C5B0D891AEA}.Release|x64.Build.0 = Release|Any CPU
		{C3DDAAFD-A812-4FEB-A300-1C5B0D891AEA}.Release|x64.Deploy.0 = Release|Any CPU
		{C3DDAAFD-A812-4FEB-A300-1C5B0D891AEA}.Release|x86.ActiveCfg = Release|Any CPU
		{C3DDAAFD-A812-4FEB-A300-1C5B0D891AEA}.Release|x86.Build.0 = Release|Any CPU
		{C3DDAAFD-A812-4FEB-A300-1C5B0D891AEA}.Release|x86.Deploy.0 = Release|Any CPU
		{00466734-133C-4999-8546-A61A839D84AC}.Ad-Hoc|Any CPU.ActiveCfg = Ad-Hoc|iPhone
		{00466734-133C-4999-8546-A61A839D84AC}.Ad-Hoc|Any CPU.Build.0 = Ad-Hoc|iPhone
		{00466734-133C-4999-8546-A61A839D84AC}.Ad-Hoc|Any CPU.Deploy.0 = Ad-Hoc|iPhone
		{00466734-133C-4999-8546-A61A839D84AC}.Ad-Hoc|ARM.ActiveCfg = Ad-Hoc|iPhone
		{00466734-133C-4999-8546-A61A839D84AC}.Ad-Hoc|ARM.Build.0 = Ad-Hoc|iPhone
		{00466734-133C-4999-8546-A61A839D84AC}.Ad-Hoc|ARM.Deploy.0 = Ad-Hoc|iPhone
		{00466734-133C-4999-8546-A61A839D84AC}.Ad-Hoc|iPhone.ActiveCfg = Ad-Hoc|iPhone
		{00466734-133C-4999-8546-A61A839D84AC}.Ad-Hoc|iPhone.Build.0 = Ad-Hoc|iPhone
		{00466734-133C-4999-8546-A61A839D84AC}.Ad-Hoc|iPhone.Deploy.0 = Ad-Hoc|iPhone
		{00466734-133C-4999-8546-A61A839D84AC}.Ad-Hoc|iPhoneSimulator.ActiveCfg = Ad-Hoc|iPhoneSimulator
		{00466734-133C-4999-8546-A61A839D84AC}.Ad-Hoc|iPhoneSimulator.Build.0 = Ad-Hoc|iPhoneSimulator
		{00466734-133C-4999-8546-A61A839D84AC}.Ad-Hoc|iPhoneSimulator.Deploy.0 = Ad-Hoc|iPhoneSimulator
		{00466734-133C-4999-8546-A61A839D84AC}.Ad-Hoc|x64.ActiveCfg = Ad-Hoc|iPhone
		{00466734-133C-4999-8546-A61A839D84AC}.Ad-Hoc|x64.Build.0 = Ad-Hoc|iPhone
		{00466734-133C-4999-8546-A61A839D84AC}.Ad-Hoc|x64.Deploy.0 = Ad-Hoc|iPhone
		{00466734-133C-4999-8546-A61A839D84AC}.Ad-Hoc|x86.ActiveCfg = Ad-Hoc|iPhone
		{00466734-133C-4999-8546-A61A839D84AC}.Ad-Hoc|x86.Build.0 = Ad-Hoc|iPhone
		{00466734-133C-4999-8546-A61A839D84AC}.Ad-Hoc|x86.Deploy.0 = Ad-Hoc|iPhone
		{00466734-133C-4999-8546-A61A839D84AC}.AppStore|Any CPU.ActiveCfg = AppStore|iPhone
		{00466734-133C-4999-8546-A61A839D84AC}.AppStore|Any CPU.Build.0 = AppStore|iPhone
		{00466734-133C-4999-8546-A61A839D84AC}.AppStore|Any CPU.Deploy.0 = AppStore|iPhone
		{00466734-133C-4999-8546-A61A839D84AC}.AppStore|ARM.ActiveCfg = AppStore|iPhone
		{00466734-133C-4999-8546-A61A839D84AC}.AppStore|ARM.Build.0 = AppStore|iPhone
		{00466734-133C-4999-8546-A61A839D84AC}.AppStore|ARM.Deploy.0 = AppStore|iPhone
		{00466734-133C-4999-8546-A61A839D84AC}.AppStore|iPhone.ActiveCfg = AppStore|iPhone
		{00466734-133C-4999-8546-A61A839D84AC}.AppStore|iPhone.Build.0 = AppStore|iPhone
		{00466734-133C-4999-8546-A61A839D84AC}.AppStore|iPhone.Deploy.0 = AppStore|iPhone
		{00466734-133C-4999-8546-A61A839D84AC}.AppStore|iPhoneSimulator.ActiveCfg = AppStore|iPhoneSimulator
		{00466734-133C-4999-8546-A61A839D84AC}.AppStore|iPhoneSimulator.Build.0 = AppStore|iPhoneSimulator
		{00466734-133C-4999-8546-A61A839D84AC}.AppStore|iPhoneSimulator.Deploy.0 = AppStore|iPhoneSimulator
		{00466734-133C-4999-8546-A61A839D84AC}.AppStore|x64.ActiveCfg = AppStore|iPhone
		{00466734-133C-4999-8546-A61A839D84AC}.AppStore|x64.Build.0 = AppStore|iPhone
		{00466734-133C-4999-8546-A61A839D84AC}.AppStore|x64.Deploy.0 = AppStore|iPhone
		{00466734-133C-4999-8546-A61A839D84AC}.AppStore|x86.ActiveCfg = AppStore|iPhone
		{00466734-133C-4999-8546-A61A839D84AC}.AppStore|x86.Build.0 = AppStore|iPhone
		{00466734-133C-4999-8546-A61A839D84AC}.AppStore|x86.Deploy.0 = AppStore|iPhone
		{00466734-133C-4999-8546-A61A839D84AC}.Debug|Any CPU.ActiveCfg = Debug|iPhoneSimulator
		{00466734-133C-4999-8546-A61A839D84AC}.Debug|Any CPU.Build.0 = Debug|iPhoneSimulator
		{00466734-133C-4999-8546-A61A839D84AC}.Debug|Any CPU.Deploy.0 = Debug|iPhoneSimulator
		{00466734-133C-4999-8546-A61A839D84AC}.Debug|ARM.ActiveCfg = Debug|iPhone
		{00466734-133C-4999-8546-A61A839D84AC}.Debug|ARM.Build.0 = Debug|iPhone
		{00466734-133C-4999-8546-A61A839D84AC}.Debug|ARM.Deploy.0 = Debug|iPhone
		{00466734-133C-4999-8546-A61A839D84AC}.Debug|iPhone.ActiveCfg = Debug|iPhone
		{00466734-133C-4999-8546-A61A839D84AC}.Debug|iPhone.Build.0 = Debug|iPhone
		{00466734-133C-4999-8546-A61A839D84AC}.Debug|iPhone.Deploy.0 = Debug|iPhone
		{00466734-133C-4999-8546-A61A839D84AC}.Debug|iPhoneSimulator.ActiveCfg = Debug|iPhoneSimulator
		{00466734-133C-4999-8546-A61A839D84AC}.Debug|iPhoneSimulator.Build.0 = Debug|iPhoneSimulator
		{00466734-133C-4999-8546-A61A839D84AC}.Debug|iPhoneSimulator.Deploy.0 = Debug|iPhoneSimulator
		{00466734-133C-4999-8546-A61A839D84AC}.Debug|x64.ActiveCfg = Debug|iPhone
		{00466734-133C-4999-8546-A61A839D84AC}.Debug|x64.Build.0 = Debug|iPhone
		{00466734-133C-4999-8546-A61A839D84AC}.Debug|x64.Deploy.0 = Debug|iPhone
		{00466734-133C-4999-8546-A61A839D84AC}.Debug|x86.ActiveCfg = Debug|iPhone
		{00466734-133C-4999-8546-A61A839D84AC}.Debug|x86.Build.0 = Debug|iPhone
		{00466734-133C-4999-8546-A61A839D84AC}.Debug|x86.Deploy.0 = Debug|iPhone
		{00466734-133C-4999-8546-A61A839D84AC}.Release|Any CPU.ActiveCfg = Release|iPhone
		{00466734-133C-4999-8546-A61A839D84AC}.Release|Any CPU.Build.0 = Release|iPhone
		{00466734-133C-4999-8546-A61A839D84AC}.Release|Any CPU.Deploy.0 = Release|iPhone
		{00466734-133C-4999-8546-A61A839D84AC}.Release|ARM.ActiveCfg = Release|iPhone
		{00466734-133C-4999-8546-A61A839D84AC}.Release|ARM.Build.0 = Release|iPhone
		{00466734-133C-4999-8546-A61A839D84AC}.Release|ARM.Deploy.0 = Release|iPhone
		{00466734-133C-4999-8546-A61A839D84AC}.Release|iPhone.ActiveCfg = Release|iPhone
		{00466734-133C-4999-8546-A61A839D84AC}.Release|iPhone.Build.0 = Release|iPhone
		{00466734-133C-4999-8546-A61A839D84AC}.Release|iPhone.Deploy.0 = Release|iPhone
		{00466734-133C-4999-8546-A61A839D84AC}.Release|iPhoneSimulator.ActiveCfg = Release|iPhoneSimulator
		{00466734-133C-4999-8546-A61A839D84AC}.Release|iPhoneSimulator.Build.0 = Release|iPhoneSimulator
		{00466734-133C-4999-8546-A61A839D84AC}.Release|iPhoneSimulator.Deploy.0 = Release|iPhoneSimulator
		{00466734-133C-4999-8546-A61A839D84AC}.Release|x64.ActiveCfg = Release|iPhone
		{00466734-133C-4999-8546-A61A839D84AC}.Release|x64.Build.0 = Release|iPhone
		{00466734-133C-4999-8546-A61A839D84AC}.Release|x64.Deploy.0 = Release|iPhone
		{00466734-133C-4999-8546-A61A839D84AC}.Release|x86.ActiveCfg = Release|iPhone
		{00466734-133C-4999-8546-A61A839D84AC}.Release|x86.Build.0 = Release|iPhone
		{00466734-133C-4999-8546-A61A839D84AC}.Release|x86.Deploy.0 = Release|iPhone
		{1628EBB0-8896-4DCC-B6B0-01E5F6BAAE1E}.Ad-Hoc|Any CPU.ActiveCfg = Release|x86
		{1628EBB0-8896-4DCC-B6B0-01E5F6BAAE1E}.Ad-Hoc|Any CPU.Build.0 = Release|x86
		{1628EBB0-8896-4DCC-B6B0-01E5F6BAAE1E}.Ad-Hoc|Any CPU.Deploy.0 = Release|x86
		{1628EBB0-8896-4DCC-B6B0-01E5F6BAAE1E}.Ad-Hoc|ARM.ActiveCfg = Release|ARM
		{1628EBB0-8896-4DCC-B6B0-01E5F6BAAE1E}.Ad-Hoc|ARM.Build.0 = Release|ARM
		{1628EBB0-8896-4DCC-B6B0-01E5F6BAAE1E}.Ad-Hoc|ARM.Deploy.0 = Release|ARM
		{1628EBB0-8896-4DCC-B6B0-01E5F6BAAE1E}.Ad-Hoc|iPhone.ActiveCfg = Release|x86
		{1628EBB0-8896-4DCC-B6B0-01E5F6BAAE1E}.Ad-Hoc|iPhone.Build.0 = Release|x86
		{1628EBB0-8896-4DCC-B6B0-01E5F6BAAE1E}.Ad-Hoc|iPhone.Deploy.0 = Release|x86
		{1628EBB0-8896-4DCC-B6B0-01E5F6BAAE1E}.Ad-Hoc|iPhoneSimulator.ActiveCfg = Release|x86
		{1628EBB0-8896-4DCC-B6B0-01E5F6BAAE1E}.Ad-Hoc|iPhoneSimulator.Build.0 = Release|x86
		{1628EBB0-8896-4DCC-B6B0-01E5F6BAAE1E}.Ad-Hoc|iPhoneSimulator.Deploy.0 = Release|x86
		{1628EBB0-8896-4DCC-B6B0-01E5F6BAAE1E}.Ad-Hoc|x64.ActiveCfg = Release|x64
		{1628EBB0-8896-4DCC-B6B0-01E5F6BAAE1E}.Ad-Hoc|x64.Build.0 = Release|x64
		{1628EBB0-8896-4DCC-B6B0-01E5F6BAAE1E}.Ad-Hoc|x64.Deploy.0 = Release|x64
		{1628EBB0-8896-4DCC-B6B0-01E5F6BAAE1E}.Ad-Hoc|x86.ActiveCfg = Release|x86
		{1628EBB0-8896-4DCC-B6B0-01E5F6BAAE1E}.Ad-Hoc|x86.Build.0 = Release|x86
		{1628EBB0-8896-4DCC-B6B0-01E5F6BAAE1E}.Ad-Hoc|x86.Deploy.0 = Release|x86
		{1628EBB0-8896-4DCC-B6B0-01E5F6BAAE1E}.AppStore|Any CPU.ActiveCfg = Release|x86
		{1628EBB0-8896-4DCC-B6B0-01E5F6BAAE1E}.AppStore|Any CPU.Build.0 = Release|x86
		{1628EBB0-8896-4DCC-B6B0-01E5F6BAAE1E}.AppStore|Any CPU.Deploy.0 = Release|x86
		{1628EBB0-8896-4DCC-B6B0-01E5F6BAAE1E}.AppStore|ARM.ActiveCfg = Release|ARM
		{1628EBB0-8896-4DCC-B6B0-01E5F6BAAE1E}.AppStore|ARM.Build.0 = Release|ARM
		{1628EBB0-8896-4DCC-B6B0-01E5F6BAAE1E}.AppStore|ARM.Deploy.0 = Release|ARM
		{1628EBB0-8896-4DCC-B6B0-01E5F6BAAE1E}.AppStore|iPhone.ActiveCfg = Release|x86
		{1628EBB0-8896-4DCC-B6B0-01E5F6BAAE1E}.AppStore|iPhone.Build.0 = Release|x86
		{1628EBB0-8896-4DCC-B6B0-01E5F6BAAE1E}.AppStore|iPhone.Deploy.0 = Release|x86
		{1628EBB0-8896-4DCC-B6B0-01E5F6BAAE1E}.AppStore|iPhoneSimulator.ActiveCfg = Release|x86
		{1628EBB0-8896-4DCC-B6B0-01E5F6BAAE1E}.AppStore|iPhoneSimulator.Build.0 = Release|x86
		{1628EBB0-8896-4DCC-B6B0-01E5F6BAAE1E}.AppStore|iPhoneSimulator.Deploy.0 = Release|x86
		{1628EBB0-8896-4DCC-B6B0-01E5F6BAAE1E}.AppStore|x64.ActiveCfg = Release|x64
		{1628EBB0-8896-4DCC-B6B0-01E5F6BAAE1E}.AppStore|x64.Build.0 = Release|x64
		{1628EBB0-8896-4DCC-B6B0-01E5F6BAAE1E}.AppStore|x64.Deploy.0 = Release|x64
		{1628EBB0-8896-4DCC-B6B0-01E5F6BAAE1E}.AppStore|x86.ActiveCfg = Release|x86
		{1628EBB0-8896-4DCC-B6B0-01E5F6BAAE1E}.AppStore|x86.Build.0 = Release|x86
		{1628EBB0-8896-4DCC-B6B0-01E5F6BAAE1E}.AppStore|x86.Deploy.0 = Release|x86
		{1628EBB0-8896-4DCC-B6B0-01E5F6BAAE1E}.Debug|Any CPU.ActiveCfg = Debug|x86
		{1628EBB0-8896-4DCC-B6B0-01E5F6BAAE1E}.Debug|Any CPU.Build.0 = Debug|x86
		{1628EBB0-8896-4DCC-B6B0-01E5F6BAAE1E}.Debug|Any CPU.Deploy.0 = Debug|x86
		{1628EBB0-8896-4DCC-B6B0-01E5F6BAAE1E}.Debug|ARM.ActiveCfg = Debug|ARM
		{1628EBB0-8896-4DCC-B6B0-01E5F6BAAE1E}.Debug|ARM.Build.0 = Debug|ARM
		{1628EBB0-8896-4DCC-B6B0-01E5F6BAAE1E}.Debug|ARM.Deploy.0 = Debug|ARM
		{1628EBB0-8896-4DCC-B6B0-01E5F6BAAE1E}.Debug|iPhone.ActiveCfg = Debug|x86
		{1628EBB0-8896-4DCC-B6B0-01E5F6BAAE1E}.Debug|iPhone.Build.0 = Debug|x86
		{1628EBB0-8896-4DCC-B6B0-01E5F6BAAE1E}.Debug|iPhone.Deploy.0 = Debug|x86
		{1628EBB0-8896-4DCC-B6B0-01E5F6BAAE1E}.Debug|iPhoneSimulator.ActiveCfg = Debug|x86
		{1628EBB0-8896-4DCC-B6B0-01E5F6BAAE1E}.Debug|iPhoneSimulator.Build.0 = Debug|x86
		{1628EBB0-8896-4DCC-B6B0-01E5F6BAAE1E}.Debug|iPhoneSimulator.Deploy.0 = Debug|x86
		{1628EBB0-8896-4DCC-B6B0-01E5F6BAAE1E}.Debug|x64.ActiveCfg = Debug|x64
		{1628EBB0-8896-4DCC-B6B0-01E5F6BAAE1E}.Debug|x64.Build.0 = Debug|x64
		{1628EBB0-8896-4DCC-B6B0-01E5F6BAAE1E}.Debug|x64.Deploy.0 = Debug|x64
		{1628EBB0-8896-4DCC-B6B0-01E5F6BAAE1E}.Debug|x86.ActiveCfg = Debug|x86
		{1628EBB0-8896-4DCC-B6B0-01E5F6BAAE1E}.Debug|x86.Build.0 = Debug|x86
		{1628EBB0-8896-4DCC-B6B0-01E5F6BAAE1E}.Debug|x86.Deploy.0 = Debug|x86
		{1628EBB0-8896-4DCC-B6B0-01E5F6BAAE1E}.Release|Any CPU.ActiveCfg = Release|x86
		{1628EBB0-8896-4DCC-B6B0-01E5F6BAAE1E}.Release|Any CPU.Build.0 = Release|x86
		{1628EBB0-8896-4DCC-B6B0-01E5F6BAAE1E}.Release|Any CPU.Deploy.0 = Release|x86
		{1628EBB0-8896-4DCC-B6B0-01E5F6BAAE1E}.Release|ARM.ActiveCfg = Release|ARM
		{1628EBB0-8896-4DCC-B6B0-01E5F6BAAE1E}.Release|ARM.Build.0 = Release|ARM
		{1628EBB0-8896-4DCC-B6B0-01E5F6BAAE1E}.Release|ARM.Deploy.0 = Release|ARM
		{1628EBB0-8896-4DCC-B6B0-01E5F6BAAE1E}.Release|iPhone.ActiveCfg = Release|x86
		{1628EBB0-8896-4DCC-B6B0-01E5F6BAAE1E}.Release|iPhone.Build.0 = Release|x86
		{1628EBB0-8896-4DCC-B6B0-01E5F6BAAE1E}.Release|iPhone.Deploy.0 = Release|x86
		{1628EBB0-8896-4DCC-B6B0-01E5F6BAAE1E}.Release|iPhoneSimulator.ActiveCfg = Release|x86
		{1628EBB0-8896-4DCC-B6B0-01E5F6BAAE1E}.Release|iPhoneSimulator.Build.0 = Release|x86
		{1628EBB0-8896-4DCC-B6B0-01E5F6BAAE1E}.Release|iPhoneSimulator.Deploy.0 = Release|x86
		{1628EBB0-8896-4DCC-B6B0-01E5F6BAAE1E}.Release|x64.ActiveCfg = Release|x64
		{1628EBB0-8896-4DCC-B6B0-01E5F6BAAE1E}.Release|x64.Build.0 = Release|x64
		{1628EBB0-8896-4DCC-B6B0-01E5F6BAAE1E}.Release|x64.Deploy.0 = Release|x64
		{1628EBB0-8896-4DCC-B6B0-01E5F6BAAE1E}.Release|x86.ActiveCfg = Release|x86
		{1628EBB0-8896-4DCC-B6B0-01E5F6BAAE1E}.Release|x86.Build.0 = Release|x86
		{1628EBB0-8896-4DCC-B6B0-01E5F6BAAE1E}.Release|x86.Deploy.0 = Release|x86
	EndGlobalSection
	GlobalSection(SolutionProperties) = preSolution
		HideSolutionNode = FALSE
	EndGlobalSection
	GlobalSection(ExtensibilityGlobals) = postSolution
		SolutionGuid = {423C6AF5-D15F-4FA4-899B-D9C6375FE1C0}
	EndGlobalSection
EndGlobal
